{
  "name": "xstate-lib-ts-error",
  "version": "1.0.0",
  "lockfileVersion": 2,
  "requires": true,
  "packages": {
    "": {
      "name": "xstate-lib-ts-error",
      "version": "1.0.0",
      "license": "ISC",
      "dependencies": {
        "xstate": "4.30.2"
      },
      "devDependencies": {
        "typescript": "~4.2.0"
      }
    },
    "node_modules/typescript": {
      "version": "4.2.4",
      "resolved": "https://registry.npmjs.org/typescript/-/typescript-4.2.4.tgz",
      "integrity": "sha512-V+evlYHZnQkaz8TRBuxTA92yZBPotr5H+WhQ7bD3hZUndx5tGOa1fuCgeSjxAzM1RiN5IzvadIXTVefuuwZCRg==",
      "dev": true,
      "bin": {
        "tsc": "bin/tsc",
        "tsserver": "bin/tsserver"
      },
      "engines": {
        "node": ">=4.2.0"
      }
    },
    "node_modules/xstate": {
      "version": "4.30.2",
      "resolved": "https://registry.npmjs.org/xstate/-/xstate-4.30.2.tgz",
      "integrity": "sha512-nstZNgz6bzog0wut7jYFmb9ZUZmcyYszkv7f//TNu2CnKCROezOduCTGgpjWrf0W8JnAXV4wEgw5dsC9kVqMFQ==",
      "funding": {
        "type": "opencollective",
        "url": "https://opencollective.com/xstate"
      }
    }
  },
  "dependencies": {
    "typescript": {
      "version": "4.2.4",
      "resolved": "https://registry.npmjs.org/typescript/-/typescript-4.2.4.tgz",
      "integrity": "sha512-V+evlYHZnQkaz8TRBuxTA92yZBPotr5H+WhQ7bD3hZUndx5tGOa1fuCgeSjxAzM1RiN5IzvadIXTVefuuwZCRg==",
      "dev": true
    },
    "xstate": {
      "version": "4.30.2",
      "resolved": "https://registry.npmjs.org/xstate/-/xstate-4.30.2.tgz",
      "integrity": "sha512-nstZNgz6bzog0wut7jYFmb9ZUZmcyYszkv7f//TNu2CnKCROezOduCTGgpjWrf0W8JnAXV4wEgw5dsC9kVqMFQ=="
    }
  }
}
